
Microsoft Visual Studio Solution File, Format Version 12.00
# Visual Studio Version 17
VisualStudioVersion = 17.5.33502.453
MinimumVisualStudioVersion = 10.0.40219.1
Project("{FAE04EC0-301F-11D3-BF4B-00C04F79EFBC}") = "Tech test", "Tech test\Tech test.csproj", "{06BBBB6B-6813-4791-8FA3-0C3BA840CCBD}"
EndProject
Project("{FAE04EC0-301F-11D3-BF4B-00C04F79EFBC}") = "TestProject", "TestProject\TestProject.csproj", "{32FD3C96-4A47-4E4C-AEFE-1AE12B19D5A8}"
EndProject
Global
	GlobalSection(SolutionConfigurationPlatforms) = preSolution
		Debug|Any CPU = Debug|Any CPU
		Release|Any CPU = Release|Any CPU
	EndGlobalSection
	GlobalSection(ProjectConfigurationPlatforms) = postSolution
		{06BBBB6B-6813-4791-8FA3-0C3BA840CCBD}.Debug|Any CPU.ActiveCfg = Debug|Any CPU
		{06BBBB6B-6813-4791-8FA3-0C3BA840CCBD}.Debug|Any CPU.Build.0 = Debug|Any CPU
		{06BBBB6B-6813-4791-8FA3-0C3BA840CCBD}.Release|Any CPU.ActiveCfg = Release|Any CPU
		{06BBBB6B-6813-4791-8FA3-0C3BA840CCBD}.Release|Any CPU.Build.0 = Release|Any CPU
		{32FD3C96-4A47-4E4C-AEFE-1AE12B19D5A8}.Debug|Any CPU.ActiveCfg = Debug|Any CPU
		{32FD3C96-4A47-4E4C-AEFE-1AE12B19D5A8}.Debug|Any CPU.Build.0 = Debug|Any CPU
		{32FD3C96-4A47-4E4C-AEFE-1AE12B19D5A8}.Release|Any CPU.ActiveCfg = Release|Any CPU
		{32FD3C96-4A47-4E4C-AEFE-1AE12B19D5A8}.Release|Any CPU.Build.0 = Release|Any CPU
	EndGlobalSection
	GlobalSection(SolutionProperties) = preSolution
		HideSolutionNode = FALSE
	EndGlobalSection
	GlobalSection(ExtensibilityGlobals) = postSolution
		SolutionGuid = {564D4555-6E59-4508-98C8-D21755AD964E}
	EndGlobalSection
EndGlobal
